PODS:
  - Alamofire (5.4.4)
  - SDWebImage (5.17.0):
    - SDWebImage/Core (= 5.17.0)
  - SDWebImage/Core (5.17.0)

DEPENDENCIES:
  - Alamofire (~> 5.4.3)
  - SDWebImage

SPEC REPOS:
  trunk:
    - Alamofire
    - SDWebImage

SPEC CHECKSUMS:
  Alamofire: f3b09a368f1582ab751b3fff5460276e0d2cf5c9
  SDWebImage: 750adf017a315a280c60fde706ab1e552a3ae4e9

PODFILE CHECKSUM: 79e35abe0611674ab3d6e9c2ddcabddff29bfdab

COCOAPODS: 1.12.1
